// !$*UTF8*$!
{
	archiveVersion = 1;
	classes = {
	};
	objectVersion = 56;
	objects = {

/* Begin PBXBuildFile section */
		01B2416E297A781F0015D006 /* Virtual_TuristApp.swift in Sources */ = {isa = PBXBuildFile; fileRef = 01B2416D297A781F0015D006 /* Virtual_TuristApp.swift */; };
		01B24170297A781F0015D006 /* ContentView.swift in Sources */ = {isa = PBXBuildFile; fileRef = 01B2416F297A781F0015D006 /* ContentView.swift */; };
		01B24172297A78210015D006 /* Assets.xcassets in Resources */ = {isa = PBXBuildFile; fileRef = 01B24171297A78210015D006 /* Assets.xcassets */; };
		01B24175297A78210015D006 /* Preview Assets.xcassets in Resources */ = {isa = PBXBuildFile; fileRef = 01B24174297A78210015D006 /* Preview Assets.xcassets */; };
		01B24177297A78210015D006 /* Persistence.swift in Sources */ = {isa = PBXBuildFile; fileRef = 01B24176297A78210015D006 /* Persistence.swift */; };
		01B2417A297A78210015D006 /* Virtual_Turist.xcdatamodeld in Sources */ = {isa = PBXBuildFile; fileRef = 01B24178297A78210015D006 /* Virtual_Turist.xcdatamodeld */; };
		01B24184297A78210015D006 /* Virtual_TuristTests.swift in Sources */ = {isa = PBXBuildFile; fileRef = 01B24183297A78210015D006 /* Virtual_TuristTests.swift */; };
		01B2418E297A78210015D006 /* Virtual_TuristUITests.swift in Sources */ = {isa = PBXBuildFile; fileRef = 01B2418D297A78210015D006 /* Virtual_TuristUITests.swift */; };
		01B24190297A78210015D006 /* Virtual_TuristUITestsLaunchTests.swift in Sources */ = {isa = PBXBuildFile; fileRef = 01B2418F297A78210015D006 /* Virtual_TuristUITestsLaunchTests.swift */; };
/* End PBXBuildFile section */

/* Begin PBXContainerItemProxy section */
		01B24180297A78210015D006 /* PBXContainerItemProxy */ = {
			isa = PBXContainerItemProxy;
			containerPortal = 01B24162297A781F0015D006 /* Project object */;
			proxyType = 1;
			remoteGlobalIDString = 01B24169297A781F0015D006;
			remoteInfo = "Virtual Turist";
		};
		01B2418A297A78210015D006 /* PBXContainerItemProxy */ = {
			isa = PBXContainerItemProxy;
			containerPortal = 01B24162297A781F0015D006 /* Project object */;
			proxyType = 1;
			remoteGlobalIDString = 01B24169297A781F0015D006;
			remoteInfo = "Virtual Turist";
		};
/* End PBXContainerItemProxy section */

/* Begin PBXFileReference section */
		01B2416A297A781F0015D006 /* Virtual Turist.app */ = {isa = PBXFileReference; explicitFileType = wrapper.application; includeInIndex = 0; path = "Virtual Turist.app"; sourceTree = BUILT_PRODUCTS_DIR; };
		01B2416D297A781F0015D006 /* Virtual_TuristApp.swift */ = {isa = PBXFileReference; lastKnownFileType = sourcecode.swift; path = Virtual_TuristApp.swift; sourceTree = "<group>"; };
		01B2416F297A781F0015D006 /* ContentView.swift */ = {isa = PBXFileReference; lastKnownFileType = sourcecode.swift; path = ContentView.swift; sourceTree = "<group>"; };
		01B24171297A78210015D006 /* Assets.xcassets */ = {isa = PBXFileReference; lastKnownFileType = folder.assetcatalog; path = Assets.xcassets; sourceTree = "<group>"; };
		01B24174297A78210015D006 /* Preview Assets.xcassets */ = {isa = PBXFileReference; lastKnownFileType = folder.assetcatalog; path = "Preview Assets.xcassets"; sourceTree = "<group>"; };
		01B24176297A78210015D006 /* Persistence.swift */ = {isa = PBXFileReference; lastKnownFileType = sourcecode.swift; path = Persistence.swift; sourceTree = "<group>"; };
		01B24179297A78210015D006 /* Virtual_Turist.xcdatamodel */ = {isa = PBXFileReference; lastKnownFileType = wrapper.xcdatamodel; path = Virtual_Turist.xcdatamodel; sourceTree = "<group>"; };
		01B2417F297A78210015D006 /* Virtual TuristTests.xctest */ = {isa = PBXFileReference; explicitFileType = wrapper.cfbundle; includeInIndex = 0; path = "Virtual TuristTests.xctest"; sourceTree = BUILT_PRODUCTS_DIR; };
		01B24183297A78210015D006 /* Virtual_TuristTests.swift */ = {isa = PBXFileReference; lastKnownFileType = sourcecode.swift; path = Virtual_TuristTests.swift; sourceTree = "<group>"; };
		01B24189297A78210015D006 /* Virtual TuristUITests.xctest */ = {isa = PBXFileReference; explicitFileType = wrapper.cfbundle; includeInIndex = 0; path = "Virtual TuristUITests.xctest"; sourceTree = BUILT_PRODUCTS_DIR; };
		01B2418D297A78210015D006 /* Virtual_TuristUITests.swift */ = {isa = PBXFileReference; lastKnownFileType = sourcecode.swift; path = Virtual_TuristUITests.swift; sourceTree = "<group>"; };
		01B2418F297A78210015D006 /* Virtual_TuristUITestsLaunchTests.swift */ = {isa = PBXFileReference; lastKnownFileType = sourcecode.swift; path = Virtual_TuristUITestsLaunchTests.swift; sourceTree = "<group>"; };
/* End PBXFileReference section */

/* Begin PBXFrameworksBuildPhase section */
		01B24167297A781F0015D006 /* Frameworks */ = {
			isa = PBXFrameworksBuildPhase;
			buildActionMask = 2147483647;
			files = (
			);
			runOnlyForDeploymentPostprocessing = 0;
		};
		01B2417C297A78210015D006 /* Frameworks */ = {
			isa = PBXFrameworksBuildPhase;
			buildActionMask = 2147483647;
			files = (
			);
			runOnlyForDeploymentPostprocessing = 0;
		};
		01B24186297A78210015D006 /* Frameworks */ = {
			isa = PBXFrameworksBuildPhase;
			buildActionMask = 2147483647;
			files = (
			);
			runOnlyForDeploymentPostprocessing = 0;
		};
/* End PBXFrameworksBuildPhase section */

/* Begin PBXGroup section */
		01B24161297A781F0015D006 = {
			isa = PBXGroup;
			children = (
				01B2416C297A781F0015D006 /* Virtual Turist */,
				01B24182297A78210015D006 /* Virtual TuristTests */,
				01B2418C297A78210015D006 /* Virtual TuristUITests */,
				01B2416B297A781F0015D006 /* Products */,
			);
			sourceTree = "<group>";
		};
		01B2416B297A781F0015D006 /* Products */ = {
			isa = PBXGroup;
			children = (
				01B2416A297A781F0015D006 /* Virtual Turist.app */,
				01B2417F297A78210015D006 /* Virtual TuristTests.xctest */,
				01B24189297A78210015D006 /* Virtual TuristUITests.xctest */,
			);
			name = Products;
			sourceTree = "<group>";
		};
		01B2416C297A781F0015D006 /* Virtual Turist */ = {
			isa = PBXGroup;
			children = (
				01B2416D297A781F0015D006 /* Virtual_TuristApp.swift */,
				01B2416F297A781F0015D006 /* ContentView.swift */,
				01B24171297A78210015D006 /* Assets.xcassets */,
				01B24176297A78210015D006 /* Persistence.swift */,
				01B24178297A78210015D006 /* Virtual_Turist.xcdatamodeld */,
				01B24173297A78210015D006 /* Preview Content */,
			);
			path = "Virtual Turist";
			sourceTree = "<group>";
		};
		01B24173297A78210015D006 /* Preview Content */ = {
			isa = PBXGroup;
			children = (
				01B24174297A78210015D006 /* Preview Assets.xcassets */,
			);
			path = "Preview Content";
			sourceTree = "<group>";
		};
		01B24182297A78210015D006 /* Virtual TuristTests */ = {
			isa = PBXGroup;
			children = (
				01B24183297A78210015D006 /* Virtual_TuristTests.swift */,
			);
			path = "Virtual TuristTests";
			sourceTree = "<group>";
		};
		01B2418C297A78210015D006 /* Virtual TuristUITests */ = {
			isa = PBXGroup;
			children = (
				01B2418D297A78210015D006 /* Virtual_TuristUITests.swift */,
				01B2418F297A78210015D006 /* Virtual_TuristUITestsLaunchTests.swift */,
			);
			path = "Virtual TuristUITests";
			sourceTree = "<group>";
		};
/* End PBXGroup section */

/* Begin PBXNativeTarget section */
		01B24169297A781F0015D006 /* Virtual Turist */ = {
			isa = PBXNativeTarget;
			buildConfigurationList = 01B24193297A78210015D006 /* Build configuration list for PBXNativeTarget "Virtual Turist" */;
			buildPhases = (
				01B24166297A781F0015D006 /* Sources */,
				01B24167297A781F0015D006 /* Frameworks */,
				01B24168297A781F0015D006 /* Resources */,
			);
			buildRules = (
			);
			dependencies = (
			);
			name = "Virtual Turist";
			productName = "Virtual Turist";
			productReference = 01B2416A297A781F0015D006 /* Virtual Turist.app */;
			productType = "com.apple.product-type.application";
		};
		01B2417E297A78210015D006 /* Virtual TuristTests */ = {
			isa = PBXNativeTarget;
			buildConfigurationList = 01B24196297A78210015D006 /* Build configuration list for PBXNativeTarget "Virtual TuristTests" */;
			buildPhases = (
				01B2417B297A78210015D006 /* Sources */,
				01B2417C297A78210015D006 /* Frameworks */,
				01B2417D297A78210015D006 /* Resources */,
			);
			buildRules = (
			);
			dependencies = (
				01B24181297A78210015D006 /* PBXTargetDependency */,
			);
			name = "Virtual TuristTests";
			productName = "Virtual TuristTests";
			productReference = 01B2417F297A78210015D006 /* Virtual TuristTests.xctest */;
			productType = "com.apple.product-type.bundle.unit-test";
		};
		01B24188297A78210015D006 /* Virtual TuristUITests */ = {
			isa = PBXNativeTarget;
			buildConfigurationList = 01B24199297A78210015D006 /* Build configuration list for PBXNativeTarget "Virtual TuristUITests" */;
			buildPhases = (
				01B24185297A78210015D006 /* Sources */,
				01B24186297A78210015D006 /* Frameworks */,
				01B24187297A78210015D006 /* Resources */,
			);
			buildRules = (
			);
			dependencies = (
				01B2418B297A78210015D006 /* PBXTargetDependency */,
			);
			name = "Virtual TuristUITests";
			productName = "Virtual TuristUITests";
			productReference = 01B24189297A78210015D006 /* Virtual TuristUITests.xctest */;
			productType = "com.apple.product-type.bundle.ui-testing";
		};
/* End PBXNativeTarget section */

/* Begin PBXProject section */
		01B24162297A781F0015D006 /* Project object */ = {
			isa = PBXProject;
			attributes = {
				BuildIndependentTargetsInParallel = 1;
				LastSwiftUpdateCheck = 1410;
				LastUpgradeCheck = 1410;
				TargetAttributes = {
					01B24169297A781F0015D006 = {
						CreatedOnToolsVersion = 14.1;
					};
					01B2417E297A78210015D006 = {
						CreatedOnToolsVersion = 14.1;
						TestTargetID = 01B24169297A781F0015D006;
					};
					01B24188297A78210015D006 = {
						CreatedOnToolsVersion = 14.1;
						TestTargetID = 01B24169297A781F0015D006;
					};
				};
			};
			buildConfigurationList = 01B24165297A781F0015D006 /* Build configuration list for PBXProject "Virtual Turist" */;
			compatibilityVersion = "Xcode 14.0";
			developmentRegion = en;
			hasScannedForEncodings = 0;
			knownRegions = (
				en,
				Base,
			);
			mainGroup = 01B24161297A781F0015D006;
			productRefGroup = 01B2416B297A781F0015D006 /* Products */;
			projectDirPath = "";
			projectRoot = "";
			targets = (
				01B24169297A781F0015D006 /* Virtual Turist */,
				01B2417E297A78210015D006 /* Virtual TuristTests */,
				01B24188297A78210015D006 /* Virtual TuristUITests */,
			);
		};
/* End PBXProject section */

/* Begin PBXResourcesBuildPhase section */
		01B24168297A781F0015D006 /* Resources */ = {
			isa = PBXResourcesBuildPhase;
			buildActionMask = 2147483647;
			files = (
				01B24175297A78210015D006 /* Preview Assets.xcassets in Resources */,
				01B24172297A78210015D006 /* Assets.xcassets in Resources */,
			);
			runOnlyForDeploymentPostprocessing = 0;
		};
		01B2417D297A78210015D006 /* Resources */ = {
			isa = PBXResourcesBuildPhase;
			buildActionMask = 2147483647;
			files = (
			);
			runOnlyForDeploymentPostprocessing = 0;
		};
		01B24187297A78210015D006 /* Resources */ = {
			isa = PBXResourcesBuildPhase;
			buildActionMask = 2147483647;
			files = (
			);
			runOnlyForDeploymentPostprocessing = 0;
		};
/* End PBXResourcesBuildPhase section */

/* Begin PBXSourcesBuildPhase section */
		01B24166297A781F0015D006 /* Sources */ = {
			isa = PBXSourcesBuildPhase;
			buildActionMask = 2147483647;
			files = (
				01B2417A297A78210015D006 /* Virtual_Turist.xcdatamodeld in Sources */,
				01B24177297A78210015D006 /* Persistence.swift in Sources */,
				01B24170297A781F0015D006 /* ContentView.swift in Sources */,
				01B2416E297A781F0015D006 /* Virtual_TuristApp.swift in Sources */,
			);
			runOnlyForDeploymentPostprocessing = 0;
		};
		01B2417B297A78210015D006 /* Sources */ = {
			isa = PBXSourcesBuildPhase;
			buildActionMask = 2147483647;
			files = (
				01B24184297A78210015D006 /* Virtual_TuristTests.swift in Sources */,
			);
			runOnlyForDeploymentPostprocessing = 0;
		};
		01B24185297A78210015D006 /* Sources */ = {
			isa = PBXSourcesBuildPhase;
			buildActionMask = 2147483647;
			files = (
				01B2418E297A78210015D006 /* Virtual_TuristUITests.swift in Sources */,
				01B24190297A78210015D006 /* Virtual_TuristUITestsLaunchTests.swift in Sources */,
			);
			runOnlyForDeploymentPostprocessing = 0;
		};
/* End PBXSourcesBuildPhase section */

/* Begin PBXTargetDependency section */
		01B24181297A78210015D006 /* PBXTargetDependency */ = {
			isa = PBXTargetDependency;
			target = 01B24169297A781F0015D006 /* Virtual Turist */;
			targetProxy = 01B24180297A78210015D006 /* PBXContainerItemProxy */;
		};
		01B2418B297A78210015D006 /* PBXTargetDependency */ = {
			isa = PBXTargetDependency;
			target = 01B24169297A781F0015D006 /* Virtual Turist */;
			targetProxy = 01B2418A297A78210015D006 /* PBXContainerItemProxy */;
		};
/* End PBXTargetDependency section */

/* Begin XCBuildConfiguration section */
		01B24191297A78210015D006 /* Debug */ = {
			isa = XCBuildConfiguration;
			buildSettings = {
				ALWAYS_SEARCH_USER_PATHS = NO;
				CLANG_ANALYZER_NONNULL = YES;
				CLANG_ANALYZER_NUMBER_OBJECT_CONVERSION = YES_AGGRESSIVE;
				CLANG_CXX_LANGUAGE_STANDARD = "gnu++20";
				CLANG_ENABLE_MODULES = YES;
				CLANG_ENABLE_OBJC_ARC = YES;
				CLANG_ENABLE_OBJC_WEAK = YES;
				CLANG_WARN_BLOCK_CAPTURE_AUTORELEASING = YES;
				CLANG_WARN_BOOL_CONVERSION = YES;
				CLANG_WARN_COMMA = YES;
				CLANG_WARN_CONSTANT_CONVERSION = YES;
				CLANG_WARN_DEPRECATED_OBJC_IMPLEMENTATIONS = YES;
				CLANG_WARN_DIRECT_OBJC_ISA_USAGE = YES_ERROR;
				CLANG_WARN_DOCUMENTATION_COMMENTS = YES;
				CLANG_WARN_EMPTY_BODY = YES;
				CLANG_WARN_ENUM_CONVERSION = YES;
				CLANG_WARN_INFINITE_RECURSION = YES;
				CLANG_WARN_INT_CONVERSION = YES;
				CLANG_WARN_NON_LITERAL_NULL_CONVERSION = YES;
				CLANG_WARN_OBJC_IMPLICIT_RETAIN_SELF = YES;
				CLANG_WARN_OBJC_LITERAL_CONVERSION = YES;
				CLANG_WARN_OBJC_ROOT_CLASS = YES_ERROR;
				CLANG_WARN_QUOTED_INCLUDE_IN_FRAMEWORK_HEADER = YES;
				CLANG_WARN_RANGE_LOOP_ANALYSIS = YES;
				CLANG_WARN_STRICT_PROTOTYPES = YES;
				CLANG_WARN_SUSPICIOUS_MOVE = YES;
				CLANG_WARN_UNGUARDED_AVAILABILITY = YES_AGGRESSIVE;
				CLANG_WARN_UNREACHABLE_CODE = YES;
				CLANG_WARN__DUPLICATE_METHOD_MATCH = YES;
				COPY_PHASE_STRIP = NO;
				DEBUG_INFORMATION_FORMAT = dwarf;
				ENABLE_STRICT_OBJC_MSGSEND = YES;
				ENABLE_TESTABILITY = YES;
				GCC_C_LANGUAGE_STANDARD = gnu11;
				GCC_DYNAMIC_NO_PIC = NO;
				GCC_NO_COMMON_BLOCKS = YES;
				GCC_OPTIMIZATION_LEVEL = 0;
				GCC_PREPROCESSOR_DEFINITIONS = (
					"DEBUG=1",
					"$(inherited)",
				);
				GCC_WARN_64_TO_32_BIT_CONVERSION = YES;
				GCC_WARN_ABOUT_RETURN_TYPE = YES_ERROR;
				GCC_WARN_UNDECLARED_SELECTOR = YES;
				GCC_WARN_UNINITIALIZED_AUTOS = YES_AGGRESSIVE;
				GCC_WARN_UNUSED_FUNCTION = YES;
				GCC_WARN_UNUSED_VARIABLE = YES;
				IPHONEOS_DEPLOYMENT_TARGET = 16.1;
				MTL_ENABLE_DEBUG_INFO = INCLUDE_SOURCE;
				MTL_FAST_MATH = YES;
				ONLY_ACTIVE_ARCH = YES;
				SDKROOT = iphoneos;
				SWIFT_ACTIVE_COMPILATION_CONDITIONS = DEBUG;
				SWIFT_OPTIMIZATION_LEVEL = "-Onone";
			};
			name = Debug;
		};
		01B24192297A78210015D006 /* Release */ = {
			isa = XCBuildConfiguration;
			buildSettings = {
				ALWAYS_SEARCH_USER_PATHS = NO;
				CLANG_ANALYZER_NONNULL = YES;
				CLANG_ANALYZER_NUMBER_OBJECT_CONVERSION = YES_AGGRESSIVE;
				CLANG_CXX_LANGUAGE_STANDARD = "gnu++20";
				CLANG_ENABLE_MODULES = YES;
				CLANG_ENABLE_OBJC_ARC = YES;
				CLANG_ENABLE_OBJC_WEAK = YES;
				CLANG_WARN_BLOCK_CAPTURE_AUTORELEASING = YES;
				CLANG_WARN_BOOL_CONVERSION = YES;
				CLANG_WARN_COMMA = YES;
				CLANG_WARN_CONSTANT_CONVERSION = YES;
				CLANG_WARN_DEPRECATED_OBJC_IMPLEMENTATIONS = YES;
				CLANG_WARN_DIRECT_OBJC_ISA_USAGE = YES_ERROR;
				CLANG_WARN_DOCUMENTATION_COMMENTS = YES;
				CLANG_WARN_EMPTY_BODY = YES;
				CLANG_WARN_ENUM_CONVERSION = YES;
				CLANG_WARN_INFINITE_RECURSION = YES;
				CLANG_WARN_INT_CONVERSION = YES;
				CLANG_WARN_NON_LITERAL_NULL_CONVERSION = YES;
				CLANG_WARN_OBJC_IMPLICIT_RETAIN_SELF = YES;
				CLANG_WARN_OBJC_LITERAL_CONVERSION = YES;
				CLANG_WARN_OBJC_ROOT_CLASS = YES_ERROR;
				CLANG_WARN_QUOTED_INCLUDE_IN_FRAMEWORK_HEADER = YES;
				CLANG_WARN_RANGE_LOOP_ANALYSIS = YES;
				CLANG_WARN_STRICT_PROTOTYPES = YES;
				CLANG_WARN_SUSPICIOUS_MOVE = YES;
				CLANG_WARN_UNGUARDED_AVAILABILITY = YES_AGGRESSIVE;
				CLANG_WARN_UNREACHABLE_CODE = YES;
				CLANG_WARN__DUPLICATE_METHOD_MATCH = YES;
				COPY_PHASE_STRIP = NO;
				DEBUG_INFORMATION_FORMAT = "dwarf-with-dsym";
				ENABLE_NS_ASSERTIONS = NO;
				ENABLE_STRICT_OBJC_MSGSEND = YES;
				GCC_C_LANGUAGE_STANDARD = gnu11;
				GCC_NO_COMMON_BLOCKS = YES;
				GCC_WARN_64_TO_32_BIT_CONVERSION = YES;
				GCC_WARN_ABOUT_RETURN_TYPE = YES_ERROR;
				GCC_WARN_UNDECLARED_SELECTOR = YES;
				GCC_WARN_UNINITIALIZED_AUTOS = YES_AGGRESSIVE;
				GCC_WARN_UNUSED_FUNCTION = YES;
				GCC_WARN_UNUSED_VARIABLE = YES;
				IPHONEOS_DEPLOYMENT_TARGET = 16.1;
				MTL_ENABLE_DEBUG_INFO = NO;
				MTL_FAST_MATH = YES;
				SDKROOT = iphoneos;
				SWIFT_COMPILATION_MODE = wholemodule;
				SWIFT_OPTIMIZATION_LEVEL = "-O";
				VALIDATE_PRODUCT = YES;
			};
			name = Release;
		};
		01B24194297A78210015D006 /* Debug */ = {
			isa = XCBuildConfiguration;
			buildSettings = {
				ASSETCATALOG_COMPILER_APPICON_NAME = AppIcon;
				ASSETCATALOG_COMPILER_GLOBAL_ACCENT_COLOR_NAME = AccentColor;
				CODE_SIGN_STYLE = Automatic;
				CURRENT_PROJECT_VERSION = 1;
				DEVELOPMENT_ASSET_PATHS = "\"Virtual Turist/Preview Content\"";
				DEVELOPMENT_TEAM = 4NUH9696GL;
				ENABLE_PREVIEWS = YES;
				GENERATE_INFOPLIST_FILE = YES;
				INFOPLIST_KEY_UIApplicationSceneManifest_Generation = YES;
				INFOPLIST_KEY_UIApplicationSupportsIndirectInputEvents = YES;
				INFOPLIST_KEY_UILaunchScreen_Generation = YES;
				INFOPLIST_KEY_UISupportedInterfaceOrientations_iPad = "UIInterfaceOrientationPortrait UIInterfaceOrientationPortraitUpsideDown UIInterfaceOrientationLandscapeLeft UIInterfaceOrientationLandscapeRight";
				INFOPLIST_KEY_UISupportedInterfaceOrientations_iPhone = "UIInterfaceOrientationPortrait UIInterfaceOrientationLandscapeLeft UIInterfaceOrientationLandscapeRight";
				LD_RUNPATH_SEARCH_PATHS = (
					"$(inherited)",
					"@executable_path/Frameworks",
				);
				MARKETING_VERSION = 1.0;
				PRODUCT_BUNDLE_IDENTIFIER = "com.valdal14.Virtual-Turist";
				PRODUCT_NAME = "$(TARGET_NAME)";
				SWIFT_EMIT_LOC_STRINGS = YES;
				SWIFT_VERSION = 5.0;
				TARGETED_DEVICE_FAMILY = "1,2";
			};
			name = Debug;
		};
		01B24195297A78210015D006 /* Release */ = {
			isa = XCBuildConfiguration;
			buildSettings = {
				ASSETCATALOG_COMPILER_APPICON_NAME = AppIcon;
				ASSETCATALOG_COMPILER_GLOBAL_ACCENT_COLOR_NAME = AccentColor;
				CODE_SIGN_STYLE = Automatic;
				CURRENT_PROJECT_VERSION = 1;
				DEVELOPMENT_ASSET_PATHS = "\"Virtual Turist/Preview Content\"";
				DEVELOPMENT_TEAM = 4NUH9696GL;
				ENABLE_PREVIEWS = YES;
				GENERATE_INFOPLIST_FILE = YES;
				INFOPLIST_KEY_UIApplicationSceneManifest_Generation = YES;
				INFOPLIST_KEY_UIApplicationSupportsIndirectInputEvents = YES;
				INFOPLIST_KEY_UILaunchScreen_Generation = YES;
				INFOPLIST_KEY_UISupportedInterfaceOrientations_iPad = "UIInterfaceOrientationPortrait UIInterfaceOrientationPortraitUpsideDown UIInterfaceOrientationLandscapeLeft UIInterfaceOrientationLandscapeRight";
				INFOPLIST_KEY_UISupportedInterfaceOrientations_iPhone = "UIInterfaceOrientationPortrait UIInterfaceOrientationLandscapeLeft UIInterfaceOrientationLandscapeRight";
				LD_RUNPATH_SEARCH_PATHS = (
					"$(inherited)",
					"@executable_path/Frameworks",
				);
				MARKETING_VERSION = 1.0;
				PRODUCT_BUNDLE_IDENTIFIER = "com.valdal14.Virtual-Turist";
				PRODUCT_NAME = "$(TARGET_NAME)";
				SWIFT_EMIT_LOC_STRINGS = YES;
				SWIFT_VERSION = 5.0;
				TARGETED_DEVICE_FAMILY = "1,2";
			};
			name = Release;
		};
		01B24197297A78210015D006 /* Debug */ = {
			isa = XCBuildConfiguration;
			buildSettings = {
				ALWAYS_EMBED_SWIFT_STANDARD_LIBRARIES = YES;
				BUNDLE_LOADER = "$(TEST_HOST)";
				CODE_SIGN_STYLE = Automatic;
				CURRENT_PROJECT_VERSION = 1;
				DEVELOPMENT_TEAM = 4NUH9696GL;
				GENERATE_INFOPLIST_FILE = YES;
				IPHONEOS_DEPLOYMENT_TARGET = 16.1;
				MARKETING_VERSION = 1.0;
				PRODUCT_BUNDLE_IDENTIFIER = "com.valdal14.Virtual-TuristTests";
				PRODUCT_NAME = "$(TARGET_NAME)";
				SWIFT_EMIT_LOC_STRINGS = NO;
				SWIFT_VERSION = 5.0;
				TARGETED_DEVICE_FAMILY = "1,2";
				TEST_HOST = "$(BUILT_PRODUCTS_DIR)/Virtual Turist.app/$(BUNDLE_EXECUTABLE_FOLDER_PATH)/Virtual Turist";
			};
			name = Debug;
		};
		01B24198297A78210015D006 /* Release */ = {
			isa = XCBuildConfiguration;
			buildSettings = {
				ALWAYS_EMBED_SWIFT_STANDARD_LIBRARIES = YES;
				BUNDLE_LOADER = "$(TEST_HOST)";
				CODE_SIGN_STYLE = Automatic;
				CURRENT_PROJECT_VERSION = 1;
				DEVELOPMENT_TEAM = 4NUH9696GL;
				GENERATE_INFOPLIST_FILE = YES;
				IPHONEOS_DEPLOYMENT_TARGET = 16.1;
				MARKETING_VERSION = 1.0;
				PRODUCT_BUNDLE_IDENTIFIER = "com.valdal14.Virtual-TuristTests";
				PRODUCT_NAME = "$(TARGET_NAME)";
				SWIFT_EMIT_LOC_STRINGS = NO;
				SWIFT_VERSION = 5.0;
				TARGETED_DEVICE_FAMILY = "1,2";
				TEST_HOST = "$(BUILT_PRODUCTS_DIR)/Virtual Turist.app/$(BUNDLE_EXECUTABLE_FOLDER_PATH)/Virtual Turist";
			};
			name = Release;
		};
		01B2419A297A78210015D006 /* Debug */ = {
			isa = XCBuildConfiguration;
			buildSettings = {
				ALWAYS_EMBED_SWIFT_STANDARD_LIBRARIES = YES;
				CODE_SIGN_STYLE = Automatic;
				CURRENT_PROJECT_VERSION = 1;
				DEVELOPMENT_TEAM = 4NUH9696GL;
				GENERATE_INFOPLIST_FILE = YES;
				MARKETING_VERSION = 1.0;
				PRODUCT_BUNDLE_IDENTIFIER = "com.valdal14.Virtual-TuristUITests";
				PRODUCT_NAME = "$(TARGET_NAME)";
				SWIFT_EMIT_LOC_STRINGS = NO;
				SWIFT_VERSION = 5.0;
				TARGETED_DEVICE_FAMILY = "1,2";
				TEST_TARGET_NAME = "Virtual Turist";
			};
			name = Debug;
		};
		01B2419B297A78210015D006 /* Release */ = {
			isa = XCBuildConfiguration;
			buildSettings = {
				ALWAYS_EMBED_SWIFT_STANDARD_LIBRARIES = YES;
				CODE_SIGN_STYLE = Automatic;
				CURRENT_PROJECT_VERSION = 1;
				DEVELOPMENT_TEAM = 4NUH9696GL;
				GENERATE_INFOPLIST_FILE = YES;
				MARKETING_VERSION = 1.0;
				PRODUCT_BUNDLE_IDENTIFIER = "com.valdal14.Virtual-TuristUITests";
				PRODUCT_NAME = "$(TARGET_NAME)";
				SWIFT_EMIT_LOC_STRINGS = NO;
				SWIFT_VERSION = 5.0;
				TARGETED_DEVICE_FAMILY = "1,2";
				TEST_TARGET_NAME = "Virtual Turist";
			};
			name = Release;
		};
/* End XCBuildConfiguration section */

/* Begin XCConfigurationList section */
		01B24165297A781F0015D006 /* Build configuration list for PBXProject "Virtual Turist" */ = {
			isa = XCConfigurationList;
			buildConfigurations = (
				01B24191297A78210015D006 /* Debug */,
				01B24192297A78210015D006 /* Release */,
			);
			defaultConfigurationIsVisible = 0;
			defaultConfigurationName = Release;
		};
		01B24193297A78210015D006 /* Build configuration list for PBXNativeTarget "Virtual Turist" */ = {
			isa = XCConfigurationList;
			buildConfigurations = (
				01B24194297A78210015D006 /* Debug */,
				01B24195297A78210015D006 /* Release */,
			);
			defaultConfigurationIsVisible = 0;
			defaultConfigurationName = Release;
		};
		01B24196297A78210015D006 /* Build configuration list for PBXNativeTarget "Virtual TuristTests" */ = {
			isa = XCConfigurationList;
			buildConfigurations = (
				01B24197297A78210015D006 /* Debug */,
				01B24198297A78210015D006 /* Release */,
			);
			defaultConfigurationIsVisible = 0;
			defaultConfigurationName = Release;
		};
		01B24199297A78210015D006 /* Build configuration list for PBXNativeTarget "Virtual TuristUITests" */ = {
			isa = XCConfigurationList;
			buildConfigurations = (
				01B2419A297A78210015D006 /* Debug */,
				01B2419B297A78210015D006 /* Release */,
			);
			defaultConfigurationIsVisible = 0;
			defaultConfigurationName = Release;
		};
/* End XCConfigurationList section */

/* Begin XCVersionGroup section */
		01B24178297A78210015D006 /* Virtual_Turist.xcdatamodeld */ = {
			isa = XCVersionGroup;
			children = (
				01B24179297A78210015D006 /* Virtual_Turist.xcdatamodel */,
			);
			currentVersion = 01B24179297A78210015D006 /* Virtual_Turist.xcdatamodel */;
			path = Virtual_Turist.xcdatamodeld;
			sourceTree = "<group>";
			versionGroupType = wrapper.xcdatamodel;
		};
/* End XCVersionGroup section */
	};
	rootObject = 01B24162297A781F0015D006 /* Project object */;
}
