// !$*UTF8*$!
{
	archiveVersion = 1;
	classes = {
	};
	objectVersion = 56;
	objects = {

/* Begin PBXBuildFile section */
		0167250E297D8906004F335E /* Virtual_TuristTests.swift in Sources */ = {isa = PBXBuildFile; fileRef = 0167250D297D8906004F335E /* Virtual_TuristTests.swift */; };
		01AB4BD2297E78E500DC244D /* FlickerServicing.swift in Sources */ = {isa = PBXBuildFile; fileRef = 01AB4BD1297E78E500DC244D /* FlickerServicing.swift */; };
		01AB4BD9297EAF2900DC244D /* Photo+CoreDataClass.swift in Sources */ = {isa = PBXBuildFile; fileRef = 01AB4BD5297EAF2900DC244D /* Photo+CoreDataClass.swift */; };
		01AB4BDA297EAF2900DC244D /* Photo+CoreDataProperties.swift in Sources */ = {isa = PBXBuildFile; fileRef = 01AB4BD6297EAF2900DC244D /* Photo+CoreDataProperties.swift */; };
		01AB4BDB297EAF2900DC244D /* Pin+CoreDataClass.swift in Sources */ = {isa = PBXBuildFile; fileRef = 01AB4BD7297EAF2900DC244D /* Pin+CoreDataClass.swift */; };
		01AB4BDC297EAF2900DC244D /* Pin+CoreDataProperties.swift in Sources */ = {isa = PBXBuildFile; fileRef = 01AB4BD8297EAF2900DC244D /* Pin+CoreDataProperties.swift */; };
		01E92486297C29D200432899 /* Virtual_TuristApp.swift in Sources */ = {isa = PBXBuildFile; fileRef = 01E92485297C29D200432899 /* Virtual_TuristApp.swift */; };
		01E9248A297C29D300432899 /* Assets.xcassets in Resources */ = {isa = PBXBuildFile; fileRef = 01E92489297C29D300432899 /* Assets.xcassets */; };
		01E9248D297C29D300432899 /* Preview Assets.xcassets in Resources */ = {isa = PBXBuildFile; fileRef = 01E9248C297C29D300432899 /* Preview Assets.xcassets */; };
		01E924B6297C2A5F00432899 /* VirtualTuristModel.xcdatamodeld in Sources */ = {isa = PBXBuildFile; fileRef = 01E924B4297C2A5F00432899 /* VirtualTuristModel.xcdatamodeld */; };
		01E924C4297C2B7000432899 /* DataServicing.swift in Sources */ = {isa = PBXBuildFile; fileRef = 01E924C3297C2B7000432899 /* DataServicing.swift */; };
		01E924C6297C2C9A00432899 /* DataControllerViewModel.swift in Sources */ = {isa = PBXBuildFile; fileRef = 01E924C5297C2C9A00432899 /* DataControllerViewModel.swift */; };
		01E924D5297C34C400432899 /* VirtualTustistView.swift in Sources */ = {isa = PBXBuildFile; fileRef = 01E924D4297C34C400432899 /* VirtualTustistView.swift */; };
/* End PBXBuildFile section */

/* Begin PBXContainerItemProxy section */
		0167250F297D8906004F335E /* PBXContainerItemProxy */ = {
			isa = PBXContainerItemProxy;
			containerPortal = 01E9247A297C29D200432899 /* Project object */;
			proxyType = 1;
			remoteGlobalIDString = 01E92481297C29D200432899;
			remoteInfo = "Virtual Turist";
		};
/* End PBXContainerItemProxy section */

/* Begin PBXFileReference section */
		0167250B297D8906004F335E /* Virtual TuristTests.xctest */ = {isa = PBXFileReference; explicitFileType = wrapper.cfbundle; includeInIndex = 0; path = "Virtual TuristTests.xctest"; sourceTree = BUILT_PRODUCTS_DIR; };
		0167250D297D8906004F335E /* Virtual_TuristTests.swift */ = {isa = PBXFileReference; lastKnownFileType = sourcecode.swift; path = Virtual_TuristTests.swift; sourceTree = "<group>"; };
		01AB4BD1297E78E500DC244D /* FlickerServicing.swift */ = {isa = PBXFileReference; lastKnownFileType = sourcecode.swift; path = FlickerServicing.swift; sourceTree = "<group>"; };
		01AB4BD5297EAF2900DC244D /* Photo+CoreDataClass.swift */ = {isa = PBXFileReference; lastKnownFileType = sourcecode.swift; path = "Photo+CoreDataClass.swift"; sourceTree = "<group>"; };
		01AB4BD6297EAF2900DC244D /* Photo+CoreDataProperties.swift */ = {isa = PBXFileReference; lastKnownFileType = sourcecode.swift; path = "Photo+CoreDataProperties.swift"; sourceTree = "<group>"; };
		01AB4BD7297EAF2900DC244D /* Pin+CoreDataClass.swift */ = {isa = PBXFileReference; lastKnownFileType = sourcecode.swift; path = "Pin+CoreDataClass.swift"; sourceTree = "<group>"; };
		01AB4BD8297EAF2900DC244D /* Pin+CoreDataProperties.swift */ = {isa = PBXFileReference; lastKnownFileType = sourcecode.swift; path = "Pin+CoreDataProperties.swift"; sourceTree = "<group>"; };
		01E92482297C29D200432899 /* Virtual Turist.app */ = {isa = PBXFileReference; explicitFileType = wrapper.application; includeInIndex = 0; path = "Virtual Turist.app"; sourceTree = BUILT_PRODUCTS_DIR; };
		01E92485297C29D200432899 /* Virtual_TuristApp.swift */ = {isa = PBXFileReference; lastKnownFileType = sourcecode.swift; path = Virtual_TuristApp.swift; sourceTree = "<group>"; };
		01E92489297C29D300432899 /* Assets.xcassets */ = {isa = PBXFileReference; lastKnownFileType = folder.assetcatalog; path = Assets.xcassets; sourceTree = "<group>"; };
		01E9248C297C29D300432899 /* Preview Assets.xcassets */ = {isa = PBXFileReference; lastKnownFileType = folder.assetcatalog; path = "Preview Assets.xcassets"; sourceTree = "<group>"; };
		01E924B5297C2A5F00432899 /* VirtualTuristModel.xcdatamodel */ = {isa = PBXFileReference; lastKnownFileType = wrapper.xcdatamodel; path = VirtualTuristModel.xcdatamodel; sourceTree = "<group>"; };
		01E924C3297C2B7000432899 /* DataServicing.swift */ = {isa = PBXFileReference; lastKnownFileType = sourcecode.swift; path = DataServicing.swift; sourceTree = "<group>"; };
		01E924C5297C2C9A00432899 /* DataControllerViewModel.swift */ = {isa = PBXFileReference; lastKnownFileType = sourcecode.swift; path = DataControllerViewModel.swift; sourceTree = "<group>"; };
		01E924D4297C34C400432899 /* VirtualTustistView.swift */ = {isa = PBXFileReference; lastKnownFileType = sourcecode.swift; path = VirtualTustistView.swift; sourceTree = "<group>"; };
/* End PBXFileReference section */

/* Begin PBXFrameworksBuildPhase section */
		01672508297D8906004F335E /* Frameworks */ = {
			isa = PBXFrameworksBuildPhase;
			buildActionMask = 2147483647;
			files = (
			);
			runOnlyForDeploymentPostprocessing = 0;
		};
		01E9247F297C29D200432899 /* Frameworks */ = {
			isa = PBXFrameworksBuildPhase;
			buildActionMask = 2147483647;
			files = (
			);
			runOnlyForDeploymentPostprocessing = 0;
		};
/* End PBXFrameworksBuildPhase section */

/* Begin PBXGroup section */
		0167250C297D8906004F335E /* Virtual TuristTests */ = {
			isa = PBXGroup;
			children = (
				0167250D297D8906004F335E /* Virtual_TuristTests.swift */,
			);
			path = "Virtual TuristTests";
			sourceTree = "<group>";
		};
		01E92479297C29D200432899 = {
			isa = PBXGroup;
			children = (
				01E92484297C29D200432899 /* Virtual Turist */,
				0167250C297D8906004F335E /* Virtual TuristTests */,
				01E92483297C29D200432899 /* Products */,
			);
			sourceTree = "<group>";
		};
		01E92483297C29D200432899 /* Products */ = {
			isa = PBXGroup;
			children = (
				01E92482297C29D200432899 /* Virtual Turist.app */,
				0167250B297D8906004F335E /* Virtual TuristTests.xctest */,
			);
			name = Products;
			sourceTree = "<group>";
		};
		01E92484297C29D200432899 /* Virtual Turist */ = {
			isa = PBXGroup;
			children = (
				01E924C2297C2B5100432899 /* Service */,
				01E924B9297C2AC000432899 /* View */,
				01E924B8297C2AB400432899 /* ViewModel */,
				01E924B7297C2AAE00432899 /* Model */,
				01E92485297C29D200432899 /* Virtual_TuristApp.swift */,
				01E92489297C29D300432899 /* Assets.xcassets */,
				01E9248B297C29D300432899 /* Preview Content */,
			);
			path = "Virtual Turist";
			sourceTree = "<group>";
		};
		01E9248B297C29D300432899 /* Preview Content */ = {
			isa = PBXGroup;
			children = (
				01E9248C297C29D300432899 /* Preview Assets.xcassets */,
			);
			path = "Preview Content";
			sourceTree = "<group>";
		};
		01E924B7297C2AAE00432899 /* Model */ = {
			isa = PBXGroup;
			children = (
				01E924D0297C33B600432899 /* CoreDataModel */,
			);
			path = Model;
			sourceTree = "<group>";
		};
		01E924B8297C2AB400432899 /* ViewModel */ = {
			isa = PBXGroup;
			children = (
				01E924C5297C2C9A00432899 /* DataControllerViewModel.swift */,
			);
			path = ViewModel;
			sourceTree = "<group>";
		};
		01E924B9297C2AC000432899 /* View */ = {
			isa = PBXGroup;
			children = (
				01E924D4297C34C400432899 /* VirtualTustistView.swift */,
			);
			path = View;
			sourceTree = "<group>";
		};
		01E924C2297C2B5100432899 /* Service */ = {
			isa = PBXGroup;
			children = (
				01E924C3297C2B7000432899 /* DataServicing.swift */,
				01AB4BD1297E78E500DC244D /* FlickerServicing.swift */,
			);
			path = Service;
			sourceTree = "<group>";
		};
		01E924D0297C33B600432899 /* CoreDataModel */ = {
			isa = PBXGroup;
			children = (
				01AB4BD5297EAF2900DC244D /* Photo+CoreDataClass.swift */,
				01AB4BD6297EAF2900DC244D /* Photo+CoreDataProperties.swift */,
				01AB4BD7297EAF2900DC244D /* Pin+CoreDataClass.swift */,
				01AB4BD8297EAF2900DC244D /* Pin+CoreDataProperties.swift */,
				01E924B4297C2A5F00432899 /* VirtualTuristModel.xcdatamodeld */,
			);
			path = CoreDataModel;
			sourceTree = "<group>";
		};
/* End PBXGroup section */

/* Begin PBXNativeTarget section */
		0167250A297D8906004F335E /* Virtual TuristTests */ = {
			isa = PBXNativeTarget;
			buildConfigurationList = 01672511297D8906004F335E /* Build configuration list for PBXNativeTarget "Virtual TuristTests" */;
			buildPhases = (
				01672507297D8906004F335E /* Sources */,
				01672508297D8906004F335E /* Frameworks */,
				01672509297D8906004F335E /* Resources */,
			);
			buildRules = (
			);
			dependencies = (
				01672510297D8906004F335E /* PBXTargetDependency */,
			);
			name = "Virtual TuristTests";
			productName = "Virtual TuristTests";
			productReference = 0167250B297D8906004F335E /* Virtual TuristTests.xctest */;
			productType = "com.apple.product-type.bundle.unit-test";
		};
		01E92481297C29D200432899 /* Virtual Turist */ = {
			isa = PBXNativeTarget;
			buildConfigurationList = 01E924AB297C29D300432899 /* Build configuration list for PBXNativeTarget "Virtual Turist" */;
			buildPhases = (
				01E9247E297C29D200432899 /* Sources */,
				01E9247F297C29D200432899 /* Frameworks */,
				01E92480297C29D200432899 /* Resources */,
			);
			buildRules = (
			);
			dependencies = (
			);
			name = "Virtual Turist";
			productName = "Virtual Turist";
			productReference = 01E92482297C29D200432899 /* Virtual Turist.app */;
			productType = "com.apple.product-type.application";
		};
/* End PBXNativeTarget section */

/* Begin PBXProject section */
		01E9247A297C29D200432899 /* Project object */ = {
			isa = PBXProject;
			attributes = {
				BuildIndependentTargetsInParallel = 1;
				LastSwiftUpdateCheck = 1410;
				LastUpgradeCheck = 1410;
				TargetAttributes = {
					0167250A297D8906004F335E = {
						CreatedOnToolsVersion = 14.1;
						TestTargetID = 01E92481297C29D200432899;
					};
					01E92481297C29D200432899 = {
						CreatedOnToolsVersion = 14.1;
					};
				};
			};
			buildConfigurationList = 01E9247D297C29D200432899 /* Build configuration list for PBXProject "Virtual Turist" */;
			compatibilityVersion = "Xcode 14.0";
			developmentRegion = en;
			hasScannedForEncodings = 0;
			knownRegions = (
				en,
				Base,
			);
			mainGroup = 01E92479297C29D200432899;
			productRefGroup = 01E92483297C29D200432899 /* Products */;
			projectDirPath = "";
			projectRoot = "";
			targets = (
				01E92481297C29D200432899 /* Virtual Turist */,
				0167250A297D8906004F335E /* Virtual TuristTests */,
			);
		};
/* End PBXProject section */

/* Begin PBXResourcesBuildPhase section */
		01672509297D8906004F335E /* Resources */ = {
			isa = PBXResourcesBuildPhase;
			buildActionMask = 2147483647;
			files = (
			);
			runOnlyForDeploymentPostprocessing = 0;
		};
		01E92480297C29D200432899 /* Resources */ = {
			isa = PBXResourcesBuildPhase;
			buildActionMask = 2147483647;
			files = (
				01E9248D297C29D300432899 /* Preview Assets.xcassets in Resources */,
				01E9248A297C29D300432899 /* Assets.xcassets in Resources */,
			);
			runOnlyForDeploymentPostprocessing = 0;
		};
/* End PBXResourcesBuildPhase section */

/* Begin PBXSourcesBuildPhase section */
		01672507297D8906004F335E /* Sources */ = {
			isa = PBXSourcesBuildPhase;
			buildActionMask = 2147483647;
			files = (
				0167250E297D8906004F335E /* Virtual_TuristTests.swift in Sources */,
			);
			runOnlyForDeploymentPostprocessing = 0;
		};
		01E9247E297C29D200432899 /* Sources */ = {
			isa = PBXSourcesBuildPhase;
			buildActionMask = 2147483647;
			files = (
				01AB4BDB297EAF2900DC244D /* Pin+CoreDataClass.swift in Sources */,
				01AB4BD2297E78E500DC244D /* FlickerServicing.swift in Sources */,
				01AB4BD9297EAF2900DC244D /* Photo+CoreDataClass.swift in Sources */,
				01AB4BDC297EAF2900DC244D /* Pin+CoreDataProperties.swift in Sources */,
				01E924C6297C2C9A00432899 /* DataControllerViewModel.swift in Sources */,
				01E924C4297C2B7000432899 /* DataServicing.swift in Sources */,
				01E924B6297C2A5F00432899 /* VirtualTuristModel.xcdatamodeld in Sources */,
				01E924D5297C34C400432899 /* VirtualTustistView.swift in Sources */,
				01AB4BDA297EAF2900DC244D /* Photo+CoreDataProperties.swift in Sources */,
				01E92486297C29D200432899 /* Virtual_TuristApp.swift in Sources */,
			);
			runOnlyForDeploymentPostprocessing = 0;
		};
/* End PBXSourcesBuildPhase section */

/* Begin PBXTargetDependency section */
		01672510297D8906004F335E /* PBXTargetDependency */ = {
			isa = PBXTargetDependency;
			target = 01E92481297C29D200432899 /* Virtual Turist */;
			targetProxy = 0167250F297D8906004F335E /* PBXContainerItemProxy */;
		};
/* End PBXTargetDependency section */

/* Begin XCBuildConfiguration section */
		01672512297D8906004F335E /* Debug */ = {
			isa = XCBuildConfiguration;
			buildSettings = {
				BUNDLE_LOADER = "$(TEST_HOST)";
				CODE_SIGN_STYLE = Automatic;
				CURRENT_PROJECT_VERSION = 1;
				DEVELOPMENT_TEAM = 4NUH9696GL;
				GENERATE_INFOPLIST_FILE = YES;
				MARKETING_VERSION = 1.0;
				PRODUCT_BUNDLE_IDENTIFIER = "com.valdal14.Virtual-TuristTests";
				PRODUCT_NAME = "$(TARGET_NAME)";
				SWIFT_EMIT_LOC_STRINGS = NO;
				SWIFT_VERSION = 5.0;
				TARGETED_DEVICE_FAMILY = "1,2";
				TEST_HOST = "$(BUILT_PRODUCTS_DIR)/Virtual Turist.app/$(BUNDLE_EXECUTABLE_FOLDER_PATH)/Virtual Turist";
			};
			name = Debug;
		};
		01672513297D8906004F335E /* Release */ = {
			isa = XCBuildConfiguration;
			buildSettings = {
				BUNDLE_LOADER = "$(TEST_HOST)";
				CODE_SIGN_STYLE = Automatic;
				CURRENT_PROJECT_VERSION = 1;
				DEVELOPMENT_TEAM = 4NUH9696GL;
				GENERATE_INFOPLIST_FILE = YES;
				MARKETING_VERSION = 1.0;
				PRODUCT_BUNDLE_IDENTIFIER = "com.valdal14.Virtual-TuristTests";
				PRODUCT_NAME = "$(TARGET_NAME)";
				SWIFT_EMIT_LOC_STRINGS = NO;
				SWIFT_VERSION = 5.0;
				TARGETED_DEVICE_FAMILY = "1,2";
				TEST_HOST = "$(BUILT_PRODUCTS_DIR)/Virtual Turist.app/$(BUNDLE_EXECUTABLE_FOLDER_PATH)/Virtual Turist";
			};
			name = Release;
		};
		01E924A9297C29D300432899 /* Debug */ = {
			isa = XCBuildConfiguration;
			buildSettings = {
				ALWAYS_SEARCH_USER_PATHS = NO;
				CLANG_ANALYZER_NONNULL = YES;
				CLANG_ANALYZER_NUMBER_OBJECT_CONVERSION = YES_AGGRESSIVE;
				CLANG_CXX_LANGUAGE_STANDARD = "gnu++20";
				CLANG_ENABLE_MODULES = YES;
				CLANG_ENABLE_OBJC_ARC = YES;
				CLANG_ENABLE_OBJC_WEAK = YES;
				CLANG_WARN_BLOCK_CAPTURE_AUTORELEASING = YES;
				CLANG_WARN_BOOL_CONVERSION = YES;
				CLANG_WARN_COMMA = YES;
				CLANG_WARN_CONSTANT_CONVERSION = YES;
				CLANG_WARN_DEPRECATED_OBJC_IMPLEMENTATIONS = YES;
				CLANG_WARN_DIRECT_OBJC_ISA_USAGE = YES_ERROR;
				CLANG_WARN_DOCUMENTATION_COMMENTS = YES;
				CLANG_WARN_EMPTY_BODY = YES;
				CLANG_WARN_ENUM_CONVERSION = YES;
				CLANG_WARN_INFINITE_RECURSION = YES;
				CLANG_WARN_INT_CONVERSION = YES;
				CLANG_WARN_NON_LITERAL_NULL_CONVERSION = YES;
				CLANG_WARN_OBJC_IMPLICIT_RETAIN_SELF = YES;
				CLANG_WARN_OBJC_LITERAL_CONVERSION = YES;
				CLANG_WARN_OBJC_ROOT_CLASS = YES_ERROR;
				CLANG_WARN_QUOTED_INCLUDE_IN_FRAMEWORK_HEADER = YES;
				CLANG_WARN_RANGE_LOOP_ANALYSIS = YES;
				CLANG_WARN_STRICT_PROTOTYPES = YES;
				CLANG_WARN_SUSPICIOUS_MOVE = YES;
				CLANG_WARN_UNGUARDED_AVAILABILITY = YES_AGGRESSIVE;
				CLANG_WARN_UNREACHABLE_CODE = YES;
				CLANG_WARN__DUPLICATE_METHOD_MATCH = YES;
				COPY_PHASE_STRIP = NO;
				DEBUG_INFORMATION_FORMAT = dwarf;
				ENABLE_STRICT_OBJC_MSGSEND = YES;
				ENABLE_TESTABILITY = YES;
				GCC_C_LANGUAGE_STANDARD = gnu11;
				GCC_DYNAMIC_NO_PIC = NO;
				GCC_NO_COMMON_BLOCKS = YES;
				GCC_OPTIMIZATION_LEVEL = 0;
				GCC_PREPROCESSOR_DEFINITIONS = (
					"DEBUG=1",
					"$(inherited)",
				);
				GCC_WARN_64_TO_32_BIT_CONVERSION = YES;
				GCC_WARN_ABOUT_RETURN_TYPE = YES_ERROR;
				GCC_WARN_UNDECLARED_SELECTOR = YES;
				GCC_WARN_UNINITIALIZED_AUTOS = YES_AGGRESSIVE;
				GCC_WARN_UNUSED_FUNCTION = YES;
				GCC_WARN_UNUSED_VARIABLE = YES;
				IPHONEOS_DEPLOYMENT_TARGET = 16.1;
				MTL_ENABLE_DEBUG_INFO = INCLUDE_SOURCE;
				MTL_FAST_MATH = YES;
				ONLY_ACTIVE_ARCH = YES;
				SDKROOT = iphoneos;
				SWIFT_ACTIVE_COMPILATION_CONDITIONS = DEBUG;
				SWIFT_OPTIMIZATION_LEVEL = "-Onone";
			};
			name = Debug;
		};
		01E924AA297C29D300432899 /* Release */ = {
			isa = XCBuildConfiguration;
			buildSettings = {
				ALWAYS_SEARCH_USER_PATHS = NO;
				CLANG_ANALYZER_NONNULL = YES;
				CLANG_ANALYZER_NUMBER_OBJECT_CONVERSION = YES_AGGRESSIVE;
				CLANG_CXX_LANGUAGE_STANDARD = "gnu++20";
				CLANG_ENABLE_MODULES = YES;
				CLANG_ENABLE_OBJC_ARC = YES;
				CLANG_ENABLE_OBJC_WEAK = YES;
				CLANG_WARN_BLOCK_CAPTURE_AUTORELEASING = YES;
				CLANG_WARN_BOOL_CONVERSION = YES;
				CLANG_WARN_COMMA = YES;
				CLANG_WARN_CONSTANT_CONVERSION = YES;
				CLANG_WARN_DEPRECATED_OBJC_IMPLEMENTATIONS = YES;
				CLANG_WARN_DIRECT_OBJC_ISA_USAGE = YES_ERROR;
				CLANG_WARN_DOCUMENTATION_COMMENTS = YES;
				CLANG_WARN_EMPTY_BODY = YES;
				CLANG_WARN_ENUM_CONVERSION = YES;
				CLANG_WARN_INFINITE_RECURSION = YES;
				CLANG_WARN_INT_CONVERSION = YES;
				CLANG_WARN_NON_LITERAL_NULL_CONVERSION = YES;
				CLANG_WARN_OBJC_IMPLICIT_RETAIN_SELF = YES;
				CLANG_WARN_OBJC_LITERAL_CONVERSION = YES;
				CLANG_WARN_OBJC_ROOT_CLASS = YES_ERROR;
				CLANG_WARN_QUOTED_INCLUDE_IN_FRAMEWORK_HEADER = YES;
				CLANG_WARN_RANGE_LOOP_ANALYSIS = YES;
				CLANG_WARN_STRICT_PROTOTYPES = YES;
				CLANG_WARN_SUSPICIOUS_MOVE = YES;
				CLANG_WARN_UNGUARDED_AVAILABILITY = YES_AGGRESSIVE;
				CLANG_WARN_UNREACHABLE_CODE = YES;
				CLANG_WARN__DUPLICATE_METHOD_MATCH = YES;
				COPY_PHASE_STRIP = NO;
				DEBUG_INFORMATION_FORMAT = "dwarf-with-dsym";
				ENABLE_NS_ASSERTIONS = NO;
				ENABLE_STRICT_OBJC_MSGSEND = YES;
				GCC_C_LANGUAGE_STANDARD = gnu11;
				GCC_NO_COMMON_BLOCKS = YES;
				GCC_WARN_64_TO_32_BIT_CONVERSION = YES;
				GCC_WARN_ABOUT_RETURN_TYPE = YES_ERROR;
				GCC_WARN_UNDECLARED_SELECTOR = YES;
				GCC_WARN_UNINITIALIZED_AUTOS = YES_AGGRESSIVE;
				GCC_WARN_UNUSED_FUNCTION = YES;
				GCC_WARN_UNUSED_VARIABLE = YES;
				IPHONEOS_DEPLOYMENT_TARGET = 16.1;
				MTL_ENABLE_DEBUG_INFO = NO;
				MTL_FAST_MATH = YES;
				SDKROOT = iphoneos;
				SWIFT_COMPILATION_MODE = wholemodule;
				SWIFT_OPTIMIZATION_LEVEL = "-O";
				VALIDATE_PRODUCT = YES;
			};
			name = Release;
		};
		01E924AC297C29D300432899 /* Debug */ = {
			isa = XCBuildConfiguration;
			buildSettings = {
				ASSETCATALOG_COMPILER_APPICON_NAME = AppIcon;
				ASSETCATALOG_COMPILER_GLOBAL_ACCENT_COLOR_NAME = AccentColor;
				CODE_SIGN_STYLE = Automatic;
				CURRENT_PROJECT_VERSION = 1;
				DEVELOPMENT_ASSET_PATHS = "\"Virtual Turist/Preview Content\"";
				DEVELOPMENT_TEAM = 4NUH9696GL;
				ENABLE_PREVIEWS = YES;
				GENERATE_INFOPLIST_FILE = YES;
				INFOPLIST_KEY_NSLocationAlwaysAndWhenInUseUsageDescription = "We would like to temporary access to your location";
				INFOPLIST_KEY_UIApplicationSceneManifest_Generation = YES;
				INFOPLIST_KEY_UIApplicationSupportsIndirectInputEvents = YES;
				INFOPLIST_KEY_UILaunchScreen_Generation = YES;
				INFOPLIST_KEY_UISupportedInterfaceOrientations = UIInterfaceOrientationPortrait;
				INFOPLIST_KEY_UISupportedInterfaceOrientations_iPad = "UIInterfaceOrientationLandscapeLeft UIInterfaceOrientationLandscapeRight UIInterfaceOrientationPortrait UIInterfaceOrientationPortraitUpsideDown";
				LD_RUNPATH_SEARCH_PATHS = (
					"$(inherited)",
					"@executable_path/Frameworks",
				);
				MARKETING_VERSION = 1.0;
				PRODUCT_BUNDLE_IDENTIFIER = "com.valdal14.Virtual-Turist";
				PRODUCT_NAME = "$(TARGET_NAME)";
				SUPPORTED_PLATFORMS = "iphoneos iphonesimulator";
				SUPPORTS_MACCATALYST = NO;
				SUPPORTS_MAC_DESIGNED_FOR_IPHONE_IPAD = NO;
				SWIFT_EMIT_LOC_STRINGS = YES;
				SWIFT_VERSION = 5.0;
				TARGETED_DEVICE_FAMILY = 1;
			};
			name = Debug;
		};
		01E924AD297C29D300432899 /* Release */ = {
			isa = XCBuildConfiguration;
			buildSettings = {
				ASSETCATALOG_COMPILER_APPICON_NAME = AppIcon;
				ASSETCATALOG_COMPILER_GLOBAL_ACCENT_COLOR_NAME = AccentColor;
				CODE_SIGN_STYLE = Automatic;
				CURRENT_PROJECT_VERSION = 1;
				DEVELOPMENT_ASSET_PATHS = "\"Virtual Turist/Preview Content\"";
				DEVELOPMENT_TEAM = 4NUH9696GL;
				ENABLE_PREVIEWS = YES;
				GENERATE_INFOPLIST_FILE = YES;
				INFOPLIST_KEY_NSLocationAlwaysAndWhenInUseUsageDescription = "We would like to temporary access to your location";
				INFOPLIST_KEY_UIApplicationSceneManifest_Generation = YES;
				INFOPLIST_KEY_UIApplicationSupportsIndirectInputEvents = YES;
				INFOPLIST_KEY_UILaunchScreen_Generation = YES;
				INFOPLIST_KEY_UISupportedInterfaceOrientations = UIInterfaceOrientationPortrait;
				INFOPLIST_KEY_UISupportedInterfaceOrientations_iPad = "UIInterfaceOrientationLandscapeLeft UIInterfaceOrientationLandscapeRight UIInterfaceOrientationPortrait UIInterfaceOrientationPortraitUpsideDown";
				LD_RUNPATH_SEARCH_PATHS = (
					"$(inherited)",
					"@executable_path/Frameworks",
				);
				MARKETING_VERSION = 1.0;
				PRODUCT_BUNDLE_IDENTIFIER = "com.valdal14.Virtual-Turist";
				PRODUCT_NAME = "$(TARGET_NAME)";
				SUPPORTED_PLATFORMS = "iphoneos iphonesimulator";
				SUPPORTS_MACCATALYST = NO;
				SUPPORTS_MAC_DESIGNED_FOR_IPHONE_IPAD = NO;
				SWIFT_EMIT_LOC_STRINGS = YES;
				SWIFT_VERSION = 5.0;
				TARGETED_DEVICE_FAMILY = 1;
			};
			name = Release;
		};
/* End XCBuildConfiguration section */

/* Begin XCConfigurationList section */
		01672511297D8906004F335E /* Build configuration list for PBXNativeTarget "Virtual TuristTests" */ = {
			isa = XCConfigurationList;
			buildConfigurations = (
				01672512297D8906004F335E /* Debug */,
				01672513297D8906004F335E /* Release */,
			);
			defaultConfigurationIsVisible = 0;
			defaultConfigurationName = Release;
		};
		01E9247D297C29D200432899 /* Build configuration list for PBXProject "Virtual Turist" */ = {
			isa = XCConfigurationList;
			buildConfigurations = (
				01E924A9297C29D300432899 /* Debug */,
				01E924AA297C29D300432899 /* Release */,
			);
			defaultConfigurationIsVisible = 0;
			defaultConfigurationName = Release;
		};
		01E924AB297C29D300432899 /* Build configuration list for PBXNativeTarget "Virtual Turist" */ = {
			isa = XCConfigurationList;
			buildConfigurations = (
				01E924AC297C29D300432899 /* Debug */,
				01E924AD297C29D300432899 /* Release */,
			);
			defaultConfigurationIsVisible = 0;
			defaultConfigurationName = Release;
		};
/* End XCConfigurationList section */

/* Begin XCVersionGroup section */
		01E924B4297C2A5F00432899 /* VirtualTuristModel.xcdatamodeld */ = {
			isa = XCVersionGroup;
			children = (
				01E924B5297C2A5F00432899 /* VirtualTuristModel.xcdatamodel */,
			);
			currentVersion = 01E924B5297C2A5F00432899 /* VirtualTuristModel.xcdatamodel */;
			path = VirtualTuristModel.xcdatamodeld;
			sourceTree = "<group>";
			versionGroupType = wrapper.xcdatamodel;
		};
/* End XCVersionGroup section */
	};
	rootObject = 01E9247A297C29D200432899 /* Project object */;
}
